
Microsoft Visual Studio Solution File, Format Version 12.00
# Visual Studio 2013
VisualStudioVersion = 12.0.31101.0
MinimumVisualStudioVersion = 10.0.40219.1
Project("{FAE04EC0-301F-11D3-BF4B-00C04F79EFBC}") = "LaboratoryApp", "LaboratoryApp\LaboratoryApp.csproj", "{EF59A35D-D099-4A9D-B0FE-52C871A02C6F}"
EndProject
Global
	GlobalSection(SolutionConfigurationPlatforms) = preSolution
		Debug|Any CPU = Debug|Any CPU
		Release|Any CPU = Release|Any CPU
	EndGlobalSection
	GlobalSection(ProjectConfigurationPlatforms) = postSolution
		{EF59A35D-D099-4A9D-B0FE-52C871A02C6F}.Debug|Any CPU.ActiveCfg = Debug|Any CPU
		{EF59A35D-D099-4A9D-B0FE-52C871A02C6F}.Debug|Any CPU.Build.0 = Debug|Any CPU
		{EF59A35D-D099-4A9D-B0FE-52C871A02C6F}.Release|Any CPU.ActiveCfg = Release|Any CPU
		{EF59A35D-D099-4A9D-B0FE-52C871A02C6F}.Release|Any CPU.Build.0 = Release|Any CPU
	EndGlobalSection
	GlobalSection(SolutionProperties) = preSolution
		HideSolutionNode = FALSE
	EndGlobalSection
EndGlobal
